Microsoft Visual Studio Solution File, Format Version 11.00
# Visual Studio 2008

Project("{292C0670-716D-8E2D-54F4-05B9E19183A6}") = "COMP305-W2016-PlatformerDemo-master", "Assembly-CSharp.csproj", "{8FAEED94-7A79-7F88-8366-F0CC9DF99390}"
EndProject
Global
	GlobalSection(SolutionConfigurationPlatforms) = preSolution
		Debug|Any CPU = Debug|Any CPU
		Release|Any CPU = Release|Any CPU
	EndGlobalSection
	GlobalSection(ProjectConfigurationPlatforms) = postSolution
		{8FAEED94-7A79-7F88-8366-F0CC9DF99390}.Debug|Any CPU.ActiveCfg = Debug|Any CPU
		{8FAEED94-7A79-7F88-8366-F0CC9DF99390}.Debug|Any CPU.Build.0 = Debug|Any CPU
		{8FAEED94-7A79-7F88-8366-F0CC9DF99390}.Release|Any CPU.ActiveCfg = Release|Any CPU
		{8FAEED94-7A79-7F88-8366-F0CC9DF99390}.Release|Any CPU.Build.0 = Release|Any CPU
	EndGlobalSection
	GlobalSection(SolutionProperties) = preSolution
		HideSolutionNode = FALSE
	EndGlobalSection
	GlobalSection(MonoDevelopProperties) = preSolution
		StartupItem = Assembly-CSharp.csproj
	EndGlobalSection
EndGlobal
